
Microsoft Visual Studio Solution File, Format Version 12.00
# Visual Studio Version 17
VisualStudioVersion = 17.13.35825.156
MinimumVisualStudioVersion = 10.0.40219.1
Project("{FAE04EC0-301F-11D3-BF4B-00C04F79EFBC}") = "PersonalJournal", "PersonalJournal.csproj", "{503F559E-941A-4711-867F-305AD00E3BF1}"
EndProject
Project("{FAE04EC0-301F-11D3-BF4B-00C04F79EFBC}") = "Journal_BusinessLogic", "..\Journal_BusinessLogic\Journal_BusinessLogic.csproj", "{9C07BE6E-0C8F-434E-B620-A7954950617D}"
EndProject
Global
	GlobalSection(SolutionConfigurationPlatforms) = preSolution
		Debug|Any CPU = Debug|Any CPU
		Release|Any CPU = Release|Any CPU
	EndGlobalSection
	GlobalSection(ProjectConfigurationPlatforms) = postSolution
		{503F559E-941A-4711-867F-305AD00E3BF1}.Debug|Any CPU.ActiveCfg = Debug|Any CPU
		{503F559E-941A-4711-867F-305AD00E3BF1}.Debug|Any CPU.Build.0 = Debug|Any CPU
		{503F559E-941A-4711-867F-305AD00E3BF1}.Release|Any CPU.ActiveCfg = Release|Any CPU
		{503F559E-941A-4711-867F-305AD00E3BF1}.Release|Any CPU.Build.0 = Release|Any CPU
		{9C07BE6E-0C8F-434E-B620-A7954950617D}.Debug|Any CPU.ActiveCfg = Debug|Any CPU
		{9C07BE6E-0C8F-434E-B620-A7954950617D}.Debug|Any CPU.Build.0 = Debug|Any CPU
		{9C07BE6E-0C8F-434E-B620-A7954950617D}.Release|Any CPU.ActiveCfg = Release|Any CPU
		{9C07BE6E-0C8F-434E-B620-A7954950617D}.Release|Any CPU.Build.0 = Release|Any CPU
	EndGlobalSection
	GlobalSection(SolutionProperties) = preSolution
		HideSolutionNode = FALSE
	EndGlobalSection
	GlobalSection(ExtensibilityGlobals) = postSolution
		SolutionGuid = {605E4297-5DF0-46EF-9308-DCED0816BACF}
	EndGlobalSection
EndGlobal
